
Microsoft Visual Studio Solution File, Format Version 12.00
# Visual Studio Version 17
VisualStudioVersion = 17.5.002.0
MinimumVisualStudioVersion = 10.0.40219.1
Project("{9A19103F-16F7-4668-BE54-9A1E7A4F7556}") = "Task_2", "Task_2.csproj", "{CA050570-1184-4B51-A982-995AFBB07E4C}"
EndProject
Global
	GlobalSection(SolutionConfigurationPlatforms) = preSolution
		Debug|Any CPU = Debug|Any CPU
		Release|Any CPU = Release|Any CPU
	EndGlobalSection
	GlobalSection(ProjectConfigurationPlatforms) = postSolution
		{CA050570-1184-4B51-A982-995AFBB07E4C}.Debug|Any CPU.ActiveCfg = Debug|Any CPU
		{CA050570-1184-4B51-A982-995AFBB07E4C}.Debug|Any CPU.Build.0 = Debug|Any CPU
		{CA050570-1184-4B51-A982-995AFBB07E4C}.Release|Any CPU.ActiveCfg = Release|Any CPU
		{CA050570-1184-4B51-A982-995AFBB07E4C}.Release|Any CPU.Build.0 = Release|Any CPU
	EndGlobalSection
	GlobalSection(SolutionProperties) = preSolution
		HideSolutionNode = FALSE
	EndGlobalSection
	GlobalSection(ExtensibilityGlobals) = postSolution
		SolutionGuid = {8524DF3B-53CF-41BB-B32F-AD621649FBBC}
	EndGlobalSection
EndGlobal
